// !$*UTF8*$!
{
	archiveVersion = 1;
	classes = {
	};
	objectVersion = 56;
	objects = {

/* Begin PBXBuildFile section */
		5CD4B2422CA678BA0037F676 /* AppEntry.swift in Sources */ = {isa = PBXBuildFile; fileRef = 5CD4B2412CA678BA0037F676 /* AppEntry.swift */; };
		5CD4B2442CA678BA0037F676 /* ContentView.swift in Sources */ = {isa = PBXBuildFile; fileRef = 5CD4B2432CA678BA0037F676 /* ContentView.swift */; };
		5CD4B2462CA678BB0037F676 /* Assets.xcassets in Resources */ = {isa = PBXBuildFile; fileRef = 5CD4B2452CA678BB0037F676 /* Assets.xcassets */; };
		5CD4B2492CA678BB0037F676 /* Preview Assets.xcassets in Resources */ = {isa = PBXBuildFile; fileRef = 5CD4B2482CA678BB0037F676 /* Preview Assets.xcassets */; };
		5CD4B2502CA678E90037F676 /* RectAndTopLeadingTextShape.swift in Sources */ = {isa = PBXBuildFile; fileRef = 5CD4B24F2CA678E90037F676 /* RectAndTopLeadingTextShape.swift */; };
/* End PBXBuildFile section */

/* Begin PBXFileReference section */
		5CD4B23E2CA678BA0037F676 /* RectAndTopLeadingTextShape.app */ = {isa = PBXFileReference; explicitFileType = wrapper.application; includeInIndex = 0; path = RectAndTopLeadingTextShape.app; sourceTree = BUILT_PRODUCTS_DIR; };
		5CD4B2412CA678BA0037F676 /* AppEntry.swift */ = {isa = PBXFileReference; lastKnownFileType = sourcecode.swift; path = AppEntry.swift; sourceTree = "<group>"; };
		5CD4B2432CA678BA0037F676 /* ContentView.swift */ = {isa = PBXFileReference; lastKnownFileType = sourcecode.swift; path = ContentView.swift; sourceTree = "<group>"; };
		5CD4B2452CA678BB0037F676 /* Assets.xcassets */ = {isa = PBXFileReference; lastKnownFileType = folder.assetcatalog; path = Assets.xcassets; sourceTree = "<group>"; };
		5CD4B2482CA678BB0037F676 /* Preview Assets.xcassets */ = {isa = PBXFileReference; lastKnownFileType = folder.assetcatalog; path = "Preview Assets.xcassets"; sourceTree = "<group>"; };
		5CD4B24F2CA678E90037F676 /* RectAndTopLeadingTextShape.swift */ = {isa = PBXFileReference; fileEncoding = 4; lastKnownFileType = sourcecode.swift; path = RectAndTopLeadingTextShape.swift; sourceTree = "<group>"; };
/* End PBXFileReference section */

/* Begin PBXFrameworksBuildPhase section */
		5CD4B23B2CA678BA0037F676 /* Frameworks */ = {
			isa = PBXFrameworksBuildPhase;
			buildActionMask = 2147483647;
			files = (
			);
			runOnlyForDeploymentPostprocessing = 0;
		};
/* End PBXFrameworksBuildPhase section */

/* Begin PBXGroup section */
		5CD4B2352CA678BA0037F676 = {
			isa = PBXGroup;
			children = (
				5CD4B2402CA678BA0037F676 /* RectAndTopLeadingTextShape */,
				5CD4B23F2CA678BA0037F676 /* Products */,
			);
			sourceTree = "<group>";
		};
		5CD4B23F2CA678BA0037F676 /* Products */ = {
			isa = PBXGroup;
			children = (
				5CD4B23E2CA678BA0037F676 /* RectAndTopLeadingTextShape.app */,
			);
			name = Products;
			sourceTree = "<group>";
		};
		5CD4B2402CA678BA0037F676 /* RectAndTopLeadingTextShape */ = {
			isa = PBXGroup;
			children = (
				5CD4B2412CA678BA0037F676 /* AppEntry.swift */,
				5CD4B2512CA679310037F676 /* View */,
				5CD4B2522CA679510037F676 /* Shape */,
				5CD4B2452CA678BB0037F676 /* Assets.xcassets */,
				5CD4B2472CA678BB0037F676 /* Preview Content */,
			);
			path = RectAndTopLeadingTextShape;
			sourceTree = "<group>";
		};
		5CD4B2472CA678BB0037F676 /* Preview Content */ = {
			isa = PBXGroup;
			children = (
				5CD4B2482CA678BB0037F676 /* Preview Assets.xcassets */,
			);
			path = "Preview Content";
			sourceTree = "<group>";
		};
		5CD4B2512CA679310037F676 /* View */ = {
			isa = PBXGroup;
			children = (
				5CD4B2432CA678BA0037F676 /* ContentView.swift */,
			);
			path = View;
			sourceTree = "<group>";
		};
		5CD4B2522CA679510037F676 /* Shape */ = {
			isa = PBXGroup;
			children = (
				5CD4B24F2CA678E90037F676 /* RectAndTopLeadingTextShape.swift */,
			);
			path = Shape;
			sourceTree = "<group>";
		};
/* End PBXGroup section */

/* Begin PBXNativeTarget section */
		5CD4B23D2CA678BA0037F676 /* RectAndTopLeadingTextShape */ = {
			isa = PBXNativeTarget;
			buildConfigurationList = 5CD4B24C2CA678BB0037F676 /* Build configuration list for PBXNativeTarget "RectAndTopLeadingTextShape" */;
			buildPhases = (
				5CD4B23A2CA678BA0037F676 /* Sources */,
				5CD4B23B2CA678BA0037F676 /* Frameworks */,
				5CD4B23C2CA678BA0037F676 /* Resources */,
			);
			buildRules = (
			);
			dependencies = (
			);
			name = RectAndTopLeadingTextShape;
			productName = RectAndTopLeadingTextShape;
			productReference = 5CD4B23E2CA678BA0037F676 /* RectAndTopLeadingTextShape.app */;
			productType = "com.apple.product-type.application";
		};
/* End PBXNativeTarget section */

/* Begin PBXProject section */
		5CD4B2362CA678BA0037F676 /* Project object */ = {
			isa = PBXProject;
			attributes = {
				BuildIndependentTargetsInParallel = 1;
				LastSwiftUpdateCheck = 1540;
				LastUpgradeCheck = 1540;
				TargetAttributes = {
					5CD4B23D2CA678BA0037F676 = {
						CreatedOnToolsVersion = 15.4;
					};
				};
			};
			buildConfigurationList = 5CD4B2392CA678BA0037F676 /* Build configuration list for PBXProject "RectAndTopLeadingTextShape" */;
			compatibilityVersion = "Xcode 14.0";
			developmentRegion = en;
			hasScannedForEncodings = 0;
			knownRegions = (
				en,
				Base,
			);
			mainGroup = 5CD4B2352CA678BA0037F676;
			productRefGroup = 5CD4B23F2CA678BA0037F676 /* Products */;
			projectDirPath = "";
			projectRoot = "";
			targets = (
				5CD4B23D2CA678BA0037F676 /* RectAndTopLeadingTextShape */,
			);
		};
/* End PBXProject section */

/* Begin PBXResourcesBuildPhase section */
		5CD4B23C2CA678BA0037F676 /* Resources */ = {
			isa = PBXResourcesBuildPhase;
			buildActionMask = 2147483647;
			files = (
				5CD4B2492CA678BB0037F676 /* Preview Assets.xcassets in Resources */,
				5CD4B2462CA678BB0037F676 /* Assets.xcassets in Resources */,
			);
			runOnlyForDeploymentPostprocessing = 0;
		};
/* End PBXResourcesBuildPhase section */

/* Begin PBXSourcesBuildPhase section */
		5CD4B23A2CA678BA0037F676 /* Sources */ = {
			isa = PBXSourcesBuildPhase;
			buildActionMask = 2147483647;
			files = (
				5CD4B2502CA678E90037F676 /* RectAndTopLeadingTextShape.swift in Sources */,
				5CD4B2442CA678BA0037F676 /* ContentView.swift in Sources */,
				5CD4B2422CA678BA0037F676 /* AppEntry.swift in Sources */,
			);
			runOnlyForDeploymentPostprocessing = 0;
		};
/* End PBXSourcesBuildPhase section */

/* Begin XCBuildConfiguration section */
		5CD4B24A2CA678BB0037F676 /* Debug */ = {
			isa = XCBuildConfiguration;
			buildSettings = {
				ALWAYS_SEARCH_USER_PATHS = NO;
				ASSETCATALOG_COMPILER_GENERATE_SWIFT_ASSET_SYMBOL_EXTENSIONS = YES;
				CLANG_ANALYZER_NONNULL = YES;
				CLANG_ANALYZER_NUMBER_OBJECT_CONVERSION = YES_AGGRESSIVE;
				CLANG_CXX_LANGUAGE_STANDARD = "gnu++20";
				CLANG_ENABLE_MODULES = YES;
				CLANG_ENABLE_OBJC_ARC = YES;
				CLANG_ENABLE_OBJC_WEAK = YES;
				CLANG_WARN_BLOCK_CAPTURE_AUTORELEASING = YES;
				CLANG_WARN_BOOL_CONVERSION = YES;
				CLANG_WARN_COMMA = YES;
				CLANG_WARN_CONSTANT_CONVERSION = YES;
				CLANG_WARN_DEPRECATED_OBJC_IMPLEMENTATIONS = YES;
				CLANG_WARN_DIRECT_OBJC_ISA_USAGE = YES_ERROR;
				CLANG_WARN_DOCUMENTATION_COMMENTS = YES;
				CLANG_WARN_EMPTY_BODY = YES;
				CLANG_WARN_ENUM_CONVERSION = YES;
				CLANG_WARN_INFINITE_RECURSION = YES;
				CLANG_WARN_INT_CONVERSION = YES;
				CLANG_WARN_NON_LITERAL_NULL_CONVERSION = YES;
				CLANG_WARN_OBJC_IMPLICIT_RETAIN_SELF = YES;
				CLANG_WARN_OBJC_LITERAL_CONVERSION = YES;
				CLANG_WARN_OBJC_ROOT_CLASS = YES_ERROR;
				CLANG_WARN_QUOTED_INCLUDE_IN_FRAMEWORK_HEADER = YES;
				CLANG_WARN_RANGE_LOOP_ANALYSIS = YES;
				CLANG_WARN_STRICT_PROTOTYPES = YES;
				CLANG_WARN_SUSPICIOUS_MOVE = YES;
				CLANG_WARN_UNGUARDED_AVAILABILITY = YES_AGGRESSIVE;
				CLANG_WARN_UNREACHABLE_CODE = YES;
				CLANG_WARN__DUPLICATE_METHOD_MATCH = YES;
				COPY_PHASE_STRIP = NO;
				DEBUG_INFORMATION_FORMAT = dwarf;
				ENABLE_STRICT_OBJC_MSGSEND = YES;
				ENABLE_TESTABILITY = YES;
				ENABLE_USER_SCRIPT_SANDBOXING = YES;
				GCC_C_LANGUAGE_STANDARD = gnu17;
				GCC_DYNAMIC_NO_PIC = NO;
				GCC_NO_COMMON_BLOCKS = YES;
				GCC_OPTIMIZATION_LEVEL = 0;
				GCC_PREPROCESSOR_DEFINITIONS = (
					"DEBUG=1",
					"$(inherited)",
				);
				GCC_WARN_64_TO_32_BIT_CONVERSION = YES;
				GCC_WARN_ABOUT_RETURN_TYPE = YES_ERROR;
				GCC_WARN_UNDECLARED_SELECTOR = YES;
				GCC_WARN_UNINITIALIZED_AUTOS = YES_AGGRESSIVE;
				GCC_WARN_UNUSED_FUNCTION = YES;
				GCC_WARN_UNUSED_VARIABLE = YES;
				IPHONEOS_DEPLOYMENT_TARGET = 17.5;
				LOCALIZATION_PREFERS_STRING_CATALOGS = YES;
				MTL_ENABLE_DEBUG_INFO = INCLUDE_SOURCE;
				MTL_FAST_MATH = YES;
				ONLY_ACTIVE_ARCH = YES;
				SDKROOT = iphoneos;
				SWIFT_ACTIVE_COMPILATION_CONDITIONS = "DEBUG $(inherited)";
				SWIFT_OPTIMIZATION_LEVEL = "-Onone";
			};
			name = Debug;
		};
		5CD4B24B2CA678BB0037F676 /* Release */ = {
			isa = XCBuildConfiguration;
			buildSettings = {
				ALWAYS_SEARCH_USER_PATHS = NO;
				ASSETCATALOG_COMPILER_GENERATE_SWIFT_ASSET_SYMBOL_EXTENSIONS = YES;
				CLANG_ANALYZER_NONNULL = YES;
				CLANG_ANALYZER_NUMBER_OBJECT_CONVERSION = YES_AGGRESSIVE;
				CLANG_CXX_LANGUAGE_STANDARD = "gnu++20";
				CLANG_ENABLE_MODULES = YES;
				CLANG_ENABLE_OBJC_ARC = YES;
				CLANG_ENABLE_OBJC_WEAK = YES;
				CLANG_WARN_BLOCK_CAPTURE_AUTORELEASING = YES;
				CLANG_WARN_BOOL_CONVERSION = YES;
				CLANG_WARN_COMMA = YES;
				CLANG_WARN_CONSTANT_CONVERSION = YES;
				CLANG_WARN_DEPRECATED_OBJC_IMPLEMENTATIONS = YES;
				CLANG_WARN_DIRECT_OBJC_ISA_USAGE = YES_ERROR;
				CLANG_WARN_DOCUMENTATION_COMMENTS = YES;
				CLANG_WARN_EMPTY_BODY = YES;
				CLANG_WARN_ENUM_CONVERSION = YES;
				CLANG_WARN_INFINITE_RECURSION = YES;
				CLANG_WARN_INT_CONVERSION = YES;
				CLANG_WARN_NON_LITERAL_NULL_CONVERSION = YES;
				CLANG_WARN_OBJC_IMPLICIT_RETAIN_SELF = YES;
				CLANG_WARN_OBJC_LITERAL_CONVERSION = YES;
				CLANG_WARN_OBJC_ROOT_CLASS = YES_ERROR;
				CLANG_WARN_QUOTED_INCLUDE_IN_FRAMEWORK_HEADER = YES;
				CLANG_WARN_RANGE_LOOP_ANALYSIS = YES;
				CLANG_WARN_STRICT_PROTOTYPES = YES;
				CLANG_WARN_SUSPICIOUS_MOVE = YES;
				CLANG_WARN_UNGUARDED_AVAILABILITY = YES_AGGRESSIVE;
				CLANG_WARN_UNREACHABLE_CODE = YES;
				CLANG_WARN__DUPLICATE_METHOD_MATCH = YES;
				COPY_PHASE_STRIP = NO;
				DEBUG_INFORMATION_FORMAT = "dwarf-with-dsym";
				ENABLE_NS_ASSERTIONS = NO;
				ENABLE_STRICT_OBJC_MSGSEND = YES;
				ENABLE_USER_SCRIPT_SANDBOXING = YES;
				GCC_C_LANGUAGE_STANDARD = gnu17;
				GCC_NO_COMMON_BLOCKS = YES;
				GCC_WARN_64_TO_32_BIT_CONVERSION = YES;
				GCC_WARN_ABOUT_RETURN_TYPE = YES_ERROR;
				GCC_WARN_UNDECLARED_SELECTOR = YES;
				GCC_WARN_UNINITIALIZED_AUTOS = YES_AGGRESSIVE;
				GCC_WARN_UNUSED_FUNCTION = YES;
				GCC_WARN_UNUSED_VARIABLE = YES;
				IPHONEOS_DEPLOYMENT_TARGET = 17.5;
				LOCALIZATION_PREFERS_STRING_CATALOGS = YES;
				MTL_ENABLE_DEBUG_INFO = NO;
				MTL_FAST_MATH = YES;
				SDKROOT = iphoneos;
				SWIFT_COMPILATION_MODE = wholemodule;
				VALIDATE_PRODUCT = YES;
			};
			name = Release;
		};
		5CD4B24D2CA678BB0037F676 /* Debug */ = {
			isa = XCBuildConfiguration;
			buildSettings = {
				ASSETCATALOG_COMPILER_APPICON_NAME = AppIcon;
				ASSETCATALOG_COMPILER_GLOBAL_ACCENT_COLOR_NAME = AccentColor;
				CODE_SIGN_STYLE = Automatic;
				CURRENT_PROJECT_VERSION = 1;
				DEVELOPMENT_ASSET_PATHS = "\"RectAndTopLeadingTextShape/Preview Content\"";
				DEVELOPMENT_TEAM = XA7XV4N58N;
				ENABLE_PREVIEWS = YES;
				GENERATE_INFOPLIST_FILE = YES;
				INFOPLIST_KEY_UIApplicationSceneManifest_Generation = YES;
				INFOPLIST_KEY_UIApplicationSupportsIndirectInputEvents = YES;
				INFOPLIST_KEY_UILaunchScreen_Generation = YES;
				INFOPLIST_KEY_UISupportedInterfaceOrientations_iPad = "UIInterfaceOrientationPortrait UIInterfaceOrientationPortraitUpsideDown UIInterfaceOrientationLandscapeLeft UIInterfaceOrientationLandscapeRight";
				INFOPLIST_KEY_UISupportedInterfaceOrientations_iPhone = "UIInterfaceOrientationPortrait UIInterfaceOrientationLandscapeLeft UIInterfaceOrientationLandscapeRight";
				LD_RUNPATH_SEARCH_PATHS = (
					"$(inherited)",
					"@executable_path/Frameworks",
				);
				MARKETING_VERSION = 1.0;
				PRODUCT_BUNDLE_IDENTIFIER = com.NemoCode.RectAndTopLeadingTextShape;
				PRODUCT_NAME = "$(TARGET_NAME)";
				SWIFT_EMIT_LOC_STRINGS = YES;
				SWIFT_VERSION = 5.0;
				TARGETED_DEVICE_FAMILY = "1,2";
			};
			name = Debug;
		};
		5CD4B24E2CA678BB0037F676 /* Release */ = {
			isa = XCBuildConfiguration;
			buildSettings = {
				ASSETCATALOG_COMPILER_APPICON_NAME = AppIcon;
				ASSETCATALOG_COMPILER_GLOBAL_ACCENT_COLOR_NAME = AccentColor;
				CODE_SIGN_STYLE = Automatic;
				CURRENT_PROJECT_VERSION = 1;
				DEVELOPMENT_ASSET_PATHS = "\"RectAndTopLeadingTextShape/Preview Content\"";
				DEVELOPMENT_TEAM = XA7XV4N58N;
				ENABLE_PREVIEWS = YES;
				GENERATE_INFOPLIST_FILE = YES;
				INFOPLIST_KEY_UIApplicationSceneManifest_Generation = YES;
				INFOPLIST_KEY_UIApplicationSupportsIndirectInputEvents = YES;
				INFOPLIST_KEY_UILaunchScreen_Generation = YES;
				INFOPLIST_KEY_UISupportedInterfaceOrientations_iPad = "UIInterfaceOrientationPortrait UIInterfaceOrientationPortraitUpsideDown UIInterfaceOrientationLandscapeLeft UIInterfaceOrientationLandscapeRight";
				INFOPLIST_KEY_UISupportedInterfaceOrientations_iPhone = "UIInterfaceOrientationPortrait UIInterfaceOrientationLandscapeLeft UIInterfaceOrientationLandscapeRight";
				LD_RUNPATH_SEARCH_PATHS = (
					"$(inherited)",
					"@executable_path/Frameworks",
				);
				MARKETING_VERSION = 1.0;
				PRODUCT_BUNDLE_IDENTIFIER = com.NemoCode.RectAndTopLeadingTextShape;
				PRODUCT_NAME = "$(TARGET_NAME)";
				SWIFT_EMIT_LOC_STRINGS = YES;
				SWIFT_VERSION = 5.0;
				TARGETED_DEVICE_FAMILY = "1,2";
			};
			name = Release;
		};
/* End XCBuildConfiguration section */

/* Begin XCConfigurationList section */
		5CD4B2392CA678BA0037F676 /* Build configuration list for PBXProject "RectAndTopLeadingTextShape" */ = {
			isa = XCConfigurationList;
			buildConfigurations = (
				5CD4B24A2CA678BB0037F676 /* Debug */,
				5CD4B24B2CA678BB0037F676 /* Release */,
			);
			defaultConfigurationIsVisible = 0;
			defaultConfigurationName = Release;
		};
		5CD4B24C2CA678BB0037F676 /* Build configuration list for PBXNativeTarget "RectAndTopLeadingTextShape" */ = {
			isa = XCConfigurationList;
			buildConfigurations = (
				5CD4B24D2CA678BB0037F676 /* Debug */,
				5CD4B24E2CA678BB0037F676 /* Release */,
			);
			defaultConfigurationIsVisible = 0;
			defaultConfigurationName = Release;
		};
/* End XCConfigurationList section */
	};
	rootObject = 5CD4B2362CA678BA0037F676 /* Project object */;
}
